
Microsoft Visual Studio Solution File, Format Version 12.00
# Visual Studio Version 16
VisualStudioVersion = 16.0.32630.194
MinimumVisualStudioVersion = 10.0.40219.1
Project("{FAE04EC0-301F-11D3-BF4B-00C04F79EFBC}") = "PistolProject", "PistolProject\PistolProject.csproj", "{93E37B5D-61E4-43AA-B296-10AC90ADA6E0}"
EndProject
Global
	GlobalSection(SolutionConfigurationPlatforms) = preSolution
		Debug|Any CPU = Debug|Any CPU
		Release|Any CPU = Release|Any CPU
	EndGlobalSection
	GlobalSection(ProjectConfigurationPlatforms) = postSolution
		{93E37B5D-61E4-43AA-B296-10AC90ADA6E0}.Debug|Any CPU.ActiveCfg = Debug|Any CPU
		{93E37B5D-61E4-43AA-B296-10AC90ADA6E0}.Debug|Any CPU.Build.0 = Debug|Any CPU
		{93E37B5D-61E4-43AA-B296-10AC90ADA6E0}.Release|Any CPU.ActiveCfg = Release|Any CPU
		{93E37B5D-61E4-43AA-B296-10AC90ADA6E0}.Release|Any CPU.Build.0 = Release|Any CPU
	EndGlobalSection
	GlobalSection(SolutionProperties) = preSolution
		HideSolutionNode = FALSE
	EndGlobalSection
	GlobalSection(ExtensibilityGlobals) = postSolution
		SolutionGuid = {5C4A3A71-064E-4F86-A63A-B37122B2E158}
	EndGlobalSection
EndGlobal
